
Microsoft Visual Studio Solution File, Format Version 12.00
# Visual Studio 2012
Project("{FAE04EC0-301F-11D3-BF4B-00C04F79EFBC}") = "MockPlugin", "MockPlugin\MockPlugin.csproj", "{31887426-A2E9-4F9F-874F-23A55716C78C}"
EndProject
Project("{FAE04EC0-301F-11D3-BF4B-00C04F79EFBC}") = "MockPlugin.Test", "MockPlugin.Test\MockPlugin.Test.csproj", "{A462A503-07ED-4272-AC25-878AC882B2D0}"
EndProject
Global
	GlobalSection(SolutionConfigurationPlatforms) = preSolution
		Debug|Any CPU = Debug|Any CPU
		Release|Any CPU = Release|Any CPU
	EndGlobalSection
	GlobalSection(ProjectConfigurationPlatforms) = postSolution
		{31887426-A2E9-4F9F-874F-23A55716C78C}.Debug|Any CPU.ActiveCfg = Debug|Any CPU
		{31887426-A2E9-4F9F-874F-23A55716C78C}.Debug|Any CPU.Build.0 = Debug|Any CPU
		{31887426-A2E9-4F9F-874F-23A55716C78C}.Release|Any CPU.ActiveCfg = Release|Any CPU
		{31887426-A2E9-4F9F-874F-23A55716C78C}.Release|Any CPU.Build.0 = Release|Any CPU
		{A462A503-07ED-4272-AC25-878AC882B2D0}.Debug|Any CPU.ActiveCfg = Debug|Any CPU
		{A462A503-07ED-4272-AC25-878AC882B2D0}.Debug|Any CPU.Build.0 = Debug|Any CPU
		{A462A503-07ED-4272-AC25-878AC882B2D0}.Release|Any CPU.ActiveCfg = Release|Any CPU
		{A462A503-07ED-4272-AC25-878AC882B2D0}.Release|Any CPU.Build.0 = Release|Any CPU
	EndGlobalSection
	GlobalSection(SolutionProperties) = preSolution
		HideSolutionNode = FALSE
	EndGlobalSection
EndGlobal
